
Microsoft Visual Studio Solution File, Format Version 12.00
# Visual Studio Version 17
VisualStudioVersion = 17.7.34031.279
MinimumVisualStudioVersion = 10.0.40219.1
Project("{8BC9CEB8-8B4A-11D0-8D11-00A0C91BC942}") = "Project3", "Project3.vcxproj", "{053114CA-209E-4876-AE0B-D106F2A303AD}"
EndProject
Global
	GlobalSection(SolutionConfigurationPlatforms) = preSolution
		Debug|x64 = Debug|x64
		Debug|x86 = Debug|x86
		Release|x64 = Release|x64
		Release|x86 = Release|x86
	EndGlobalSection
	GlobalSection(ProjectConfigurationPlatforms) = postSolution
		{053114CA-209E-4876-AE0B-D106F2A303AD}.Debug|x64.ActiveCfg = Debug|x64
		{053114CA-209E-4876-AE0B-D106F2A303AD}.Debug|x64.Build.0 = Debug|x64
		{053114CA-209E-4876-AE0B-D106F2A303AD}.Debug|x86.ActiveCfg = Debug|Win32
		{053114CA-209E-4876-AE0B-D106F2A303AD}.Debug|x86.Build.0 = Debug|Win32
		{053114CA-209E-4876-AE0B-D106F2A303AD}.Release|x64.ActiveCfg = Release|x64
		{053114CA-209E-4876-AE0B-D106F2A303AD}.Release|x64.Build.0 = Release|x64
		{053114CA-209E-4876-AE0B-D106F2A303AD}.Release|x86.ActiveCfg = Release|Win32
		{053114CA-209E-4876-AE0B-D106F2A303AD}.Release|x86.Build.0 = Release|Win32
	EndGlobalSection
	GlobalSection(SolutionProperties) = preSolution
		HideSolutionNode = FALSE
	EndGlobalSection
	GlobalSection(ExtensibilityGlobals) = postSolution
		SolutionGuid = {FB5F017D-59E4-418F-BFF8-85F7568F16F7}
	EndGlobalSection
EndGlobal
